{
  "requires": true,
  "lockfileVersion": 1,
  "dependencies": {
    "@o/color": {
      "version": "2.5.0",
      "resolved": "https://registry.npmjs.org/@o/color/-/color-2.5.0.tgz",
      "integrity": "sha512-k9u5QrKCbdz1dwAyo7an2m0PkAAx8a1eToldd8ZzwJ/EKjSL64Hqme729K6BCFtGwMKcmi1euG2L6p5+1MFY0Q=="
    },
    "@o/css": {
      "version": "2.5.0",
      "resolved": "https://registry.npmjs.org/@o/css/-/css-2.5.0.tgz",
      "integrity": "sha512-veSwZDo9eHTFbp88QH1MiQBAkn++R3Ik69UWvtBvLO2XYCW2M/lKLt7Sk5gq5f01VDsHo5fm3+4FcyqvgoHKSA==",
      "requires": {
        "@o/color": "^2.5.0"
      }
    },
    "@o/fast-compare": {
      "version": "2.5.0",
      "resolved": "https://registry.npmjs.org/@o/fast-compare/-/fast-compare-2.5.0.tgz",
      "integrity": "sha512-tWqBM0jvSfb2bK3Fw4TITgIzkHG373N9xd/rpKxh+4m2UKT/Ni/QJZRsyz5gIEKJLbhNf1fEsYxECn7RxbnoJQ=="
    },
    "gloss": {
      "version": "2.5.0",
      "resolved": "https://registry.npmjs.org/gloss/-/gloss-2.5.0.tgz",
      "integrity": "sha512-hDEQbNwZmKQayUxJmLGlX3cYc8hnhASUjmMA/N1kKp5pz5bW9otFLVqEBdOpLbNxR4pKGObz6edLDEom4UCGTA==",
      "requires": {
        "@o/color": "^2.5.0",
        "@o/css": "^2.5.0",
        "@o/fast-compare": "^2.5.0"
      }
    }
  }
}
