{
  "requires": true,
  "lockfileVersion": 1,
  "dependencies": {
    "css-in-js-utils": {
      "version": "1.0.3",
      "resolved": "https://registry.npmjs.org/css-in-js-utils/-/css-in-js-utils-1.0.3.tgz",
      "integrity": "sha1-msfgL3Y8+F2UAXZmVl7WiltfMhU=",
      "requires": {
        "hyphenate-style-name": "^1.0.2"
      }
    },
    "fela": {
      "version": "4.3.3",
      "resolved": "https://registry.npmjs.org/fela/-/fela-4.3.3.tgz",
      "integrity": "sha1-nLMaFpVT1RmPYPRH7jCGPt0hNfY=",
      "requires": {
        "css-in-js-utils": "^1.0.3"
      }
    },
    "hyphenate-style-name": {
      "version": "1.0.3",
      "resolved": "https://registry.npmjs.org/hyphenate-style-name/-/hyphenate-style-name-1.0.3.tgz",
      "integrity": "sha512-EcuixamT82oplpoJ2XU4pDtKGWQ7b00CD9f1ug9IaQ3p1bkHMiKCZ9ut9QDI6qsa6cpUuB+A/I+zLtdNK4n2DQ=="
    },
    "invariant": {
      "version": "2.2.4",
      "resolved": "https://registry.npmjs.org/invariant/-/invariant-2.2.4.tgz",
      "integrity": "sha512-phJfQVBuaJM5raOpJjSfkiD6BpbCE4Ns//LaXl6wGYtUBY83nWS6Rf9tXm2e8VaK60JEjYldbPif/A2B1C2gNA==",
      "requires": {
        "loose-envify": "^1.0.0"
      }
    },
    "js-tokens": {
      "version": "4.0.0",
      "resolved": "https://registry.npmjs.org/js-tokens/-/js-tokens-4.0.0.tgz",
      "integrity": "sha512-RdJUflcE3cUzKiMqQgsCu06FPu9UdIJO0beYbPhHN4k6apgJtifcoCtT9bcxOpYBtpD2kCM6Sbzg4CausW/PKQ=="
    },
    "loose-envify": {
      "version": "1.4.0",
      "resolved": "https://registry.npmjs.org/loose-envify/-/loose-envify-1.4.0.tgz",
      "integrity": "sha512-lyuxPGr/Wfhrlem2CL/UcnUc1zcqKAImBDzukY7Y5F/yQiNdko6+fRLevlw1HgMySw7f611UIY408EtxRSoK3Q==",
      "requires": {
        "js-tokens": "^3.0.0 || ^4.0.0"
      }
    },
    "object-assign": {
      "version": "4.1.1",
      "resolved": "https://registry.npmjs.org/object-assign/-/object-assign-4.1.1.tgz",
      "integrity": "sha1-IQmtx5ZYh8/AXLvUQsrIv7s2CGM="
    },
    "prop-types": {
      "version": "15.7.2",
      "resolved": "https://registry.npmjs.org/prop-types/-/prop-types-15.7.2.tgz",
      "integrity": "sha512-8QQikdH7//R2vurIJSutZ1smHYTcLpRWEOlHnzcWHmBYrOGUysKwSsrC89BCiFj3CbrfJ/nXFdJepOVrY1GCHQ==",
      "requires": {
        "loose-envify": "^1.4.0",
        "object-assign": "^4.1.1",
        "react-is": "^16.8.1"
      }
    },
    "react-broadcast": {
      "version": "0.1.2",
      "resolved": "https://registry.npmjs.org/react-broadcast/-/react-broadcast-0.1.2.tgz",
      "integrity": "sha1-lQ3mNXiirzmaOWBnphevdAIYIzA=",
      "requires": {
        "invariant": "^2.2.1"
      }
    },
    "react-fela": {
      "version": "4.3.3",
      "resolved": "https://registry.npmjs.org/react-fela/-/react-fela-4.3.3.tgz",
      "integrity": "sha1-f92TwheLTSdrcGAdDXqM88IiEqI=",
      "requires": {
        "prop-types": "^15.5.8",
        "react-broadcast": "0.1.2"
      }
    },
    "react-is": {
      "version": "16.8.6",
      "resolved": "https://registry.npmjs.org/react-is/-/react-is-16.8.6.tgz",
      "integrity": "sha512-aUk3bHfZ2bRSVFFbbeVS4i+lNPZr3/WM5jT2J5omUVV1zzcs1nAaf3l51ctA5FFvCRbhrH0bdAsRRQddFJZPtA=="
    }
  }
}
