{
  "requires": true,
  "lockfileVersion": 1,
  "dependencies": {
    "css-vendor": {
      "version": "0.3.8",
      "resolved": "https://registry.npmjs.org/css-vendor/-/css-vendor-0.3.8.tgz",
      "integrity": "sha1-ZCHP0wNM5mT+dnOXL9ARn8KJQfo=",
      "requires": {
        "is-in-browser": "^1.0.2"
      }
    },
    "is-in-browser": {
      "version": "1.0.2",
      "resolved": "https://registry.npmjs.org/is-in-browser/-/is-in-browser-1.0.2.tgz",
      "integrity": "sha1-9oi+qPHlqtwyROvIcNGIz7m2E88="
    },
    "is-react-prop": {
      "version": "0.1.3",
      "resolved": "https://registry.npmjs.org/is-react-prop/-/is-react-prop-0.1.3.tgz",
      "integrity": "sha512-odxGMC24JRri3JywWH6xFVX8+K7B1Lq6I86CQUTDbGBzvIF9Q8biNmJg8DmRmqQUfuJiCpAbq8OrDszwkBlcxw=="
    },
    "js-tokens": {
      "version": "4.0.0",
      "resolved": "https://registry.npmjs.org/js-tokens/-/js-tokens-4.0.0.tgz",
      "integrity": "sha512-RdJUflcE3cUzKiMqQgsCu06FPu9UdIJO0beYbPhHN4k6apgJtifcoCtT9bcxOpYBtpD2kCM6Sbzg4CausW/PKQ=="
    },
    "jss": {
      "version": "7.1.7",
      "resolved": "https://registry.npmjs.org/jss/-/jss-7.1.7.tgz",
      "integrity": "sha512-L+PLuDWZa18qUtBAR37rh55z8WD/yZkOOoRUjV+hj5bm01wPW+V+0/wc150YCsHilFshARaV381njzR7HUT18A==",
      "requires": {
        "is-in-browser": "1.0.2",
        "warning": "3.0.0"
      }
    },
    "jss-camel-case": {
      "version": "4.0.0",
      "resolved": "https://registry.npmjs.org/jss-camel-case/-/jss-camel-case-4.0.0.tgz",
      "integrity": "sha1-Oe8qE3qqHi8WCrgmhFMF+O+rz9U="
    },
    "jss-compose": {
      "version": "3.0.1",
      "resolved": "https://registry.npmjs.org/jss-compose/-/jss-compose-3.0.1.tgz",
      "integrity": "sha1-CsB/ILrx1SPCEQFtOD2rCNz+QYY=",
      "requires": {
        "warning": "^3.0.0"
      }
    },
    "jss-default-unit": {
      "version": "6.1.2",
      "resolved": "https://registry.npmjs.org/jss-default-unit/-/jss-default-unit-6.1.2.tgz",
      "integrity": "sha1-bEYBVBKbe+MEpKTc0rKDWElUrsU="
    },
    "jss-expand": {
      "version": "3.0.1",
      "resolved": "https://registry.npmjs.org/jss-expand/-/jss-expand-3.0.1.tgz",
      "integrity": "sha1-kPGzCtCrcA5mbqVPcYY0HFDX/u0="
    },
    "jss-extend": {
      "version": "4.0.1",
      "resolved": "https://registry.npmjs.org/jss-extend/-/jss-extend-4.0.1.tgz",
      "integrity": "sha1-a3FqGyF7oycV28tplA7GezXEFdw=",
      "requires": {
        "warning": "^3.0.0"
      }
    },
    "jss-global": {
      "version": "1.0.1",
      "resolved": "https://registry.npmjs.org/jss-global/-/jss-global-1.0.1.tgz",
      "integrity": "sha1-NnMXePbYZJEQYR98F4281g/ZKyQ="
    },
    "jss-nested": {
      "version": "4.0.1",
      "resolved": "https://registry.npmjs.org/jss-nested/-/jss-nested-4.0.1.tgz",
      "integrity": "sha1-9QzCBkMMipIMzVTjt1b3/HJFUTA=",
      "requires": {
        "warning": "^3.0.0"
      }
    },
    "jss-preset-default": {
      "version": "2.0.0",
      "resolved": "https://registry.npmjs.org/jss-preset-default/-/jss-preset-default-2.0.0.tgz",
      "integrity": "sha1-A2jZliazEGfo0Eqzx8sXuoNU1CI=",
      "requires": {
        "jss-camel-case": "^4.0.0",
        "jss-compose": "^3.0.0",
        "jss-default-unit": "^6.0.0",
        "jss-expand": "^3.0.0",
        "jss-extend": "^4.0.0",
        "jss-global": "^1.0.0",
        "jss-nested": "^4.0.0",
        "jss-props-sort": "^4.0.0",
        "jss-vendor-prefixer": "^5.0.0"
      }
    },
    "jss-props-sort": {
      "version": "4.0.0",
      "resolved": "https://registry.npmjs.org/jss-props-sort/-/jss-props-sort-4.0.0.tgz",
      "integrity": "sha1-70I5xnlcowTBjc6eA5WheJ7Z94o="
    },
    "jss-vendor-prefixer": {
      "version": "5.1.0",
      "resolved": "https://registry.npmjs.org/jss-vendor-prefixer/-/jss-vendor-prefixer-5.1.0.tgz",
      "integrity": "sha1-Wbc1RN6B5rLv1x9tO3RGcYJoZaI=",
      "requires": {
        "css-vendor": "^0.3.8"
      }
    },
    "loose-envify": {
      "version": "1.4.0",
      "resolved": "https://registry.npmjs.org/loose-envify/-/loose-envify-1.4.0.tgz",
      "integrity": "sha512-lyuxPGr/Wfhrlem2CL/UcnUc1zcqKAImBDzukY7Y5F/yQiNdko6+fRLevlw1HgMySw7f611UIY408EtxRSoK3Q==",
      "requires": {
        "js-tokens": "^3.0.0 || ^4.0.0"
      }
    },
    "styled-jss": {
      "version": "0.6.3",
      "resolved": "https://registry.npmjs.org/styled-jss/-/styled-jss-0.6.3.tgz",
      "integrity": "sha1-wx3EaleDJQGxEe6RuZo6GYdm/Ks=",
      "requires": {
        "is-react-prop": "^0.1.2",
        "jss": "^7.1.1",
        "jss-preset-default": "^2.0.0"
      }
    },
    "warning": {
      "version": "3.0.0",
      "resolved": "https://registry.npmjs.org/warning/-/warning-3.0.0.tgz",
      "integrity": "sha1-MuU3fLVy3kqwR1O9+IIcAe1gW3w=",
      "requires": {
        "loose-envify": "^1.0.0"
      }
    }
  }
}
