{
  "requires": true,
  "lockfileVersion": 1,
  "dependencies": {
    "asap": {
      "version": "2.0.6",
      "resolved": "https://registry.npmjs.org/asap/-/asap-2.0.6.tgz",
      "integrity": "sha1-5QNHYR1+aQlDIIu9r+vLwvuGbUY="
    },
    "classnames": {
      "version": "2.2.6",
      "resolved": "https://registry.npmjs.org/classnames/-/classnames-2.2.6.tgz",
      "integrity": "sha512-JR/iSQOSt+LQIWwrwEzJ9uk0xfN3mTVYMwt1Ir5mUcSN6pU+V4zQFFaJsclJbPuAUQH+yfWef6tm7l1quW3C8Q=="
    },
    "css-vendor": {
      "version": "0.3.8",
      "resolved": "https://registry.npmjs.org/css-vendor/-/css-vendor-0.3.8.tgz",
      "integrity": "sha1-ZCHP0wNM5mT+dnOXL9ARn8KJQfo=",
      "requires": {
        "is-in-browser": "^1.0.2"
      }
    },
    "is-in-browser": {
      "version": "1.1.3",
      "resolved": "https://registry.npmjs.org/is-in-browser/-/is-in-browser-1.1.3.tgz",
      "integrity": "sha1-Vv9NtoOgeMYILrldrX3GLh0E+DU="
    },
    "is-react-prop": {
      "version": "0.1.3",
      "resolved": "https://registry.npmjs.org/is-react-prop/-/is-react-prop-0.1.3.tgz",
      "integrity": "sha512-odxGMC24JRri3JywWH6xFVX8+K7B1Lq6I86CQUTDbGBzvIF9Q8biNmJg8DmRmqQUfuJiCpAbq8OrDszwkBlcxw=="
    },
    "lodash": {
      "version": "4.17.11",
      "resolved": "https://registry.npmjs.org/lodash/-/lodash-4.17.11.tgz",
      "integrity": "sha512-cQKh8igo5QUhZ7lg38DYWAxMvjSAKG0A8wGSVimP07SIUEK2UO+arSRKbRZWtelMtN5V0Hkwh5ryOto/SshYIg=="
    },
    "rockey": {
      "version": "0.0.14",
      "resolved": "https://registry.npmjs.org/rockey/-/rockey-0.0.14.tgz",
      "integrity": "sha1-AOMkQNfHY9e3z4vi+U/j8tJ5d1Q=",
      "requires": {
        "asap": "^2.0.5",
        "classnames": "^2.2.5",
        "css-vendor": "^0.3.8",
        "lodash": "^4.17.4",
        "rockey-css-parse": "^0.0.14"
      }
    },
    "rockey-css-parse": {
      "version": "0.0.14",
      "resolved": "https://registry.npmjs.org/rockey-css-parse/-/rockey-css-parse-0.0.14.tgz",
      "integrity": "sha1-XpJ3U6F7JV1xYPrD30vgYcCcmpw=",
      "requires": {
        "lodash": "^4.17.4"
      }
    },
    "rockey-react": {
      "version": "0.0.14",
      "resolved": "https://registry.npmjs.org/rockey-react/-/rockey-react-0.0.14.tgz",
      "integrity": "sha1-nNgZNzW8st6f28vQhRpWjK2WB1I=",
      "requires": {
        "classnames": "^2.2.5",
        "is-react-prop": "^0.1.2",
        "lodash": "^4.17.4",
        "rockey": "^0.0.14"
      }
    }
  }
}
